<?xml version="1.0" encoding="utf-8"?>
<Project ToolsVersion="4.0" xmlns="http://schemas.microsoft.com/developer/msbuild/2003">
  <ItemGroup>
    <Filter Include="Source Files">
      <UniqueIdentifier>{4FC737F1-C7A5-4376-A066-2A32D752A2FF}</UniqueIdentifier>
      <Extensions>cpp;c;cc;cxx;def;odl;idl;hpj;bat;asm;asmx</Extensions>
    </Filter>
    <Filter Include="Header Files">
      <UniqueIdentifier>{93995380-89BD-4b04-88EB-625FBE52EBFB}</UniqueIdentifier>
      <Extensions>h;hh;hpp;hxx;hm;inl;inc;ipp;xsd</Extensions>
    </Filter>
    <Filter Include="Resource Files">
      <UniqueIdentifier>{67DA6AB6-F800-4c08-8B7A-83BB121AAD01}</UniqueIdentifier>
      <Extensions>rc;ico;cur;bmp;dlg;rc2;rct;bin;rgs;gif;jpg;jpeg;jpe;resx;tiff;tif;png;wav;mfcribbon-ms</Extensions>
    </Filter>
  </ItemGroup>
  <ItemGroup>
    <ClCompile Include="src\p1\a2\p1_a1_solution.cpp">
      <Filter>Source Files</Filter>
    </ClCompile>
    <ClCompile Include="src\p1\a1\p1_a2_solution.cpp">
      <Filter>Source Files</Filter>
    </ClCompile>
    <ClCompile Include="src\p2\p2_solution.cpp">
      <Filter>Source Files</Filter>
    </ClCompile>
    <ClCompile Include="src\p3\a1\p3_a1_solution.cpp">
      <Filter>Source Files</Filter>
    </ClCompile>
    <ClCompile Include="src\p3\a2\p3_a2_solution.cpp">
      <Filter>Source Files</Filter>
    </ClCompile>
    <ClCompile Include="src\pch.cpp">
      <Filter>Source Files</Filter>
    </ClCompile>
    <ClCompile Include="src\p383\a2\p383_a2_solution.cpp">
      <Filter>Source Files</Filter>
    </ClCompile>
    <ClCompile Include="src\p383\a1\p383_a1_solution.cpp">
      <Filter>Source Files</Filter>
    </ClCompile>
    <ClCompile Include="src\p383\a3\p383_a3_solution.cpp">
      <Filter>Source Files</Filter>
    </ClCompile>
    <ClCompile Include="src\p771\p771_solution.cpp">
      <Filter>Source Files</Filter>
    </ClCompile>
    <ClCompile Include="src\p278\p278_solution.cpp">
      <Filter>Source Files</Filter>
    </ClCompile>
    <ClCompile Include="src\p1431\p1431_solution.cpp">
      <Filter>Source Files</Filter>
    </ClCompile>
    <ClCompile Include="src\p476\p476_solution.cpp">
      <Filter>Source Files</Filter>
    </ClCompile>
    <ClCompile Include="src\p1432\p1432_solution.cpp">
      <Filter>Source Files</Filter>
    </ClCompile>
    <ClCompile Include="src\p1433\p1433_solution.cpp">
      <Filter>Source Files</Filter>
    </ClCompile>
    <ClCompile Include="src\p387\p387_solution.cpp">
      <Filter>Source Files</Filter>
    </ClCompile>
    <ClCompile Include="src\p169\p169_solution.cpp">
      <Filter>Source Files</Filter>
    </ClCompile>
    <ClCompile Include="src\p993\p993_solution.cpp">
      <Filter>Source Files</Filter>
    </ClCompile>
  </ItemGroup>
  <ItemGroup>
    <ClInclude Include="include\leetcode-cpp\common.h">
      <Filter>Header Files</Filter>
    </ClInclude>
    <ClInclude Include="include\leetcode-cpp\p1\a1\p1_a1_solution.h">
      <Filter>Header Files</Filter>
    </ClInclude>
    <ClInclude Include="include\leetcode-cpp\p1\a2\p1_a2_solution.h">
      <Filter>Header Files</Filter>
    </ClInclude>
    <ClInclude Include="include\leetcode-cpp\p2\p2_solution.h">
      <Filter>Header Files</Filter>
    </ClInclude>
    <ClInclude Include="include\leetcode-cpp\p2\p2_list_node.h">
      <Filter>Header Files</Filter>
    </ClInclude>
    <ClInclude Include="include\leetcode-cpp\p3\a2\p3_a2_solution.h">
      <Filter>Header Files</Filter>
    </ClInclude>
    <ClInclude Include="include\leetcode-cpp\p3\a1\p3_a1_solution.h">
      <Filter>Header Files</Filter>
    </ClInclude>
    <ClInclude Include="include\leetcode-cpp\pch.h">
      <Filter>Header Files</Filter>
    </ClInclude>
    <ClInclude Include="include\leetcode-cpp\p383\a1\p383_a1_solution.h">
      <Filter>Header Files</Filter>
    </ClInclude>
    <ClInclude Include="include\leetcode-cpp\p383\a2\p383_a2_solution.h">
      <Filter>Header Files</Filter>
    </ClInclude>
    <ClInclude Include="include\leetcode-cpp\p383\a3\p383_a3_solution.h">
      <Filter>Header Files</Filter>
    </ClInclude>
    <ClInclude Include="include\leetcode-cpp\p771\p771_solution.h">
      <Filter>Header Files</Filter>
    </ClInclude>
    <ClInclude Include="include\leetcode-cpp\p278\p278_solution.h">
      <Filter>Header Files</Filter>
    </ClInclude>
    <ClInclude Include="include\leetcode-cpp\p1431\p1431_solution.h">
      <Filter>Header Files</Filter>
    </ClInclude>
    <ClInclude Include="include\leetcode-cpp\p476\p476_solution.h">
      <Filter>Header Files</Filter>
    </ClInclude>
    <ClInclude Include="include\leetcode-cpp\p1432\p1432_solution.h">
      <Filter>Header Files</Filter>
    </ClInclude>
    <ClInclude Include="include\leetcode-cpp\p1433\p1433_solution.h">
      <Filter>Header Files</Filter>
    </ClInclude>
    <ClInclude Include="include\leetcode-cpp\p387\p387_solution.h">
      <Filter>Header Files</Filter>
    </ClInclude>
    <ClInclude Include="include\leetcode-cpp\p169\p169_solution.h">
      <Filter>Header Files</Filter>
    </ClInclude>
    <ClInclude Include="include\leetcode-cpp\p993\p993_solution.h">
      <Filter>Header Files</Filter>
    </ClInclude>
    <ClInclude Include="include\leetcode-cpp\p993\p993_tree_node.h">
      <Filter>Header Files</Filter>
    </ClInclude>
  </ItemGroup>
</Project>